// !$*UTF8*$!
{
	archiveVersion = 1;
	classes = {
	};
	objectVersion = 56;
	objects = {

/* Begin PBXBuildFile section */
		971D8FA22C0F4F7D00EE3A49 /* AppDelegate.swift in Sources */ = {isa = PBXBuildFile; fileRef = 971D8FA12C0F4F7D00EE3A49 /* AppDelegate.swift */; };
		971D8FA62C0F4F7D00EE3A49 /* ViewController.swift in Sources */ = {isa = PBXBuildFile; fileRef = 971D8FA52C0F4F7D00EE3A49 /* ViewController.swift */; };
		971D8FAB2C0F4F7E00EE3A49 /* Assets.xcassets in Resources */ = {isa = PBXBuildFile; fileRef = 971D8FAA2C0F4F7E00EE3A49 /* Assets.xcassets */; };
		971D8FAE2C0F4F7E00EE3A49 /* LaunchScreen.storyboard in Resources */ = {isa = PBXBuildFile; fileRef = 971D8FAC2C0F4F7E00EE3A49 /* LaunchScreen.storyboard */; };
		971D8FD02C0F532A00EE3A49 /* ZTChain.podspec in Resources */ = {isa = PBXBuildFile; fileRef = 971D8FCF2C0F532A00EE3A49 /* ZTChain.podspec */; };
		971D8FD52C0F5D3900EE3A49 /* README.md in Resources */ = {isa = PBXBuildFile; fileRef = 971D8FD42C0F5D3900EE3A49 /* README.md */; };
		971D8FFE2C0F608600EE3A49 /* ZTChain.swift in Sources */ = {isa = PBXBuildFile; fileRef = 971D8FFD2C0F608600EE3A49 /* ZTChain.swift */; };
/* End PBXBuildFile section */

/* Begin PBXFileReference section */
		971D8F9E2C0F4F7D00EE3A49 /* ZTChainDemo.app */ = {isa = PBXFileReference; explicitFileType = wrapper.application; includeInIndex = 0; path = ZTChainDemo.app; sourceTree = BUILT_PRODUCTS_DIR; };
		971D8FA12C0F4F7D00EE3A49 /* AppDelegate.swift */ = {isa = PBXFileReference; lastKnownFileType = sourcecode.swift; path = AppDelegate.swift; sourceTree = "<group>"; };
		971D8FA52C0F4F7D00EE3A49 /* ViewController.swift */ = {isa = PBXFileReference; lastKnownFileType = sourcecode.swift; path = ViewController.swift; sourceTree = "<group>"; };
		971D8FAA2C0F4F7E00EE3A49 /* Assets.xcassets */ = {isa = PBXFileReference; lastKnownFileType = folder.assetcatalog; path = Assets.xcassets; sourceTree = "<group>"; };
		971D8FAD2C0F4F7E00EE3A49 /* Base */ = {isa = PBXFileReference; lastKnownFileType = file.storyboard; name = Base; path = Base.lproj/LaunchScreen.storyboard; sourceTree = "<group>"; };
		971D8FAF2C0F4F7E00EE3A49 /* Info.plist */ = {isa = PBXFileReference; lastKnownFileType = text.plist.xml; path = Info.plist; sourceTree = "<group>"; };
		971D8FCF2C0F532A00EE3A49 /* ZTChain.podspec */ = {isa = PBXFileReference; fileEncoding = 4; lastKnownFileType = text; name = ZTChain.podspec; path = ../ZTChain.podspec; sourceTree = "<group>"; };
		971D8FD42C0F5D3900EE3A49 /* README.md */ = {isa = PBXFileReference; fileEncoding = 4; lastKnownFileType = net.daringfireball.markdown; name = README.md; path = ../README.md; sourceTree = "<group>"; };
		971D8FFD2C0F608600EE3A49 /* ZTChain.swift */ = {isa = PBXFileReference; fileEncoding = 4; lastKnownFileType = sourcecode.swift; path = ZTChain.swift; sourceTree = "<group>"; };
/* End PBXFileReference section */

/* Begin PBXFrameworksBuildPhase section */
		971D8F9B2C0F4F7D00EE3A49 /* Frameworks */ = {
			isa = PBXFrameworksBuildPhase;
			buildActionMask = 2147483647;
			files = (
			);
			runOnlyForDeploymentPostprocessing = 0;
		};
/* End PBXFrameworksBuildPhase section */

/* Begin PBXGroup section */
		971D8F952C0F4F7D00EE3A49 = {
			isa = PBXGroup;
			children = (
				971D8FFB2C0F608600EE3A49 /* Sources */,
				971D8FD42C0F5D3900EE3A49 /* README.md */,
				971D8FCF2C0F532A00EE3A49 /* ZTChain.podspec */,
				971D8FA02C0F4F7D00EE3A49 /* ZTChainDemo */,
				971D8F9F2C0F4F7D00EE3A49 /* Products */,
			);
			sourceTree = "<group>";
		};
		971D8F9F2C0F4F7D00EE3A49 /* Products */ = {
			isa = PBXGroup;
			children = (
				971D8F9E2C0F4F7D00EE3A49 /* ZTChainDemo.app */,
			);
			name = Products;
			sourceTree = "<group>";
		};
		971D8FA02C0F4F7D00EE3A49 /* ZTChainDemo */ = {
			isa = PBXGroup;
			children = (
				971D8FA12C0F4F7D00EE3A49 /* AppDelegate.swift */,
				971D8FA52C0F4F7D00EE3A49 /* ViewController.swift */,
				971D8FAA2C0F4F7E00EE3A49 /* Assets.xcassets */,
				971D8FAC2C0F4F7E00EE3A49 /* LaunchScreen.storyboard */,
				971D8FAF2C0F4F7E00EE3A49 /* Info.plist */,
			);
			path = ZTChainDemo;
			sourceTree = "<group>";
		};
		971D8FFB2C0F608600EE3A49 /* Sources */ = {
			isa = PBXGroup;
			children = (
				971D8FFC2C0F608600EE3A49 /* ZTChain */,
			);
			name = Sources;
			path = ../Sources;
			sourceTree = "<group>";
		};
		971D8FFC2C0F608600EE3A49 /* ZTChain */ = {
			isa = PBXGroup;
			children = (
				971D8FFD2C0F608600EE3A49 /* ZTChain.swift */,
			);
			path = ZTChain;
			sourceTree = "<group>";
		};
/* End PBXGroup section */

/* Begin PBXNativeTarget section */
		971D8F9D2C0F4F7D00EE3A49 /* ZTChainDemo */ = {
			isa = PBXNativeTarget;
			buildConfigurationList = 971D8FB22C0F4F7E00EE3A49 /* Build configuration list for PBXNativeTarget "ZTChainDemo" */;
			buildPhases = (
				971D8F9A2C0F4F7D00EE3A49 /* Sources */,
				971D8F9B2C0F4F7D00EE3A49 /* Frameworks */,
				971D8F9C2C0F4F7D00EE3A49 /* Resources */,
			);
			buildRules = (
			);
			dependencies = (
			);
			name = ZTChainDemo;
			productName = ZTChainDemo;
			productReference = 971D8F9E2C0F4F7D00EE3A49 /* ZTChainDemo.app */;
			productType = "com.apple.product-type.application";
		};
/* End PBXNativeTarget section */

/* Begin PBXProject section */
		971D8F962C0F4F7D00EE3A49 /* Project object */ = {
			isa = PBXProject;
			attributes = {
				BuildIndependentTargetsInParallel = 1;
				LastSwiftUpdateCheck = 1520;
				LastUpgradeCheck = 1520;
				TargetAttributes = {
					971D8F9D2C0F4F7D00EE3A49 = {
						CreatedOnToolsVersion = 15.2;
					};
				};
			};
			buildConfigurationList = 971D8F992C0F4F7D00EE3A49 /* Build configuration list for PBXProject "ZTChainDemo" */;
			compatibilityVersion = "Xcode 14.0";
			developmentRegion = en;
			hasScannedForEncodings = 0;
			knownRegions = (
				en,
				Base,
			);
			mainGroup = 971D8F952C0F4F7D00EE3A49;
			productRefGroup = 971D8F9F2C0F4F7D00EE3A49 /* Products */;
			projectDirPath = "";
			projectRoot = "";
			targets = (
				971D8F9D2C0F4F7D00EE3A49 /* ZTChainDemo */,
			);
		};
/* End PBXProject section */

/* Begin PBXResourcesBuildPhase section */
		971D8F9C2C0F4F7D00EE3A49 /* Resources */ = {
			isa = PBXResourcesBuildPhase;
			buildActionMask = 2147483647;
			files = (
				971D8FD02C0F532A00EE3A49 /* ZTChain.podspec in Resources */,
				971D8FAE2C0F4F7E00EE3A49 /* LaunchScreen.storyboard in Resources */,
				971D8FD52C0F5D3900EE3A49 /* README.md in Resources */,
				971D8FAB2C0F4F7E00EE3A49 /* Assets.xcassets in Resources */,
			);
			runOnlyForDeploymentPostprocessing = 0;
		};
/* End PBXResourcesBuildPhase section */

/* Begin PBXSourcesBuildPhase section */
		971D8F9A2C0F4F7D00EE3A49 /* Sources */ = {
			isa = PBXSourcesBuildPhase;
			buildActionMask = 2147483647;
			files = (
				971D8FA62C0F4F7D00EE3A49 /* ViewController.swift in Sources */,
				971D8FFE2C0F608600EE3A49 /* ZTChain.swift in Sources */,
				971D8FA22C0F4F7D00EE3A49 /* AppDelegate.swift in Sources */,
			);
			runOnlyForDeploymentPostprocessing = 0;
		};
/* End PBXSourcesBuildPhase section */

/* Begin PBXVariantGroup section */
		971D8FAC2C0F4F7E00EE3A49 /* LaunchScreen.storyboard */ = {
			isa = PBXVariantGroup;
			children = (
				971D8FAD2C0F4F7E00EE3A49 /* Base */,
			);
			name = LaunchScreen.storyboard;
			sourceTree = "<group>";
		};
/* End PBXVariantGroup section */

/* Begin XCBuildConfiguration section */
		971D8FB02C0F4F7E00EE3A49 /* Debug */ = {
			isa = XCBuildConfiguration;
			buildSettings = {
				ALWAYS_SEARCH_USER_PATHS = NO;
				ASSETCATALOG_COMPILER_GENERATE_SWIFT_ASSET_SYMBOL_EXTENSIONS = YES;
				CLANG_ANALYZER_NONNULL = YES;
				CLANG_ANALYZER_NUMBER_OBJECT_CONVERSION = YES_AGGRESSIVE;
				CLANG_CXX_LANGUAGE_STANDARD = "gnu++20";
				CLANG_ENABLE_MODULES = YES;
				CLANG_ENABLE_OBJC_ARC = YES;
				CLANG_ENABLE_OBJC_WEAK = YES;
				CLANG_WARN_BLOCK_CAPTURE_AUTORELEASING = YES;
				CLANG_WARN_BOOL_CONVERSION = YES;
				CLANG_WARN_COMMA = YES;
				CLANG_WARN_CONSTANT_CONVERSION = YES;
				CLANG_WARN_DEPRECATED_OBJC_IMPLEMENTATIONS = YES;
				CLANG_WARN_DIRECT_OBJC_ISA_USAGE = YES_ERROR;
				CLANG_WARN_DOCUMENTATION_COMMENTS = YES;
				CLANG_WARN_EMPTY_BODY = YES;
				CLANG_WARN_ENUM_CONVERSION = YES;
				CLANG_WARN_INFINITE_RECURSION = YES;
				CLANG_WARN_INT_CONVERSION = YES;
				CLANG_WARN_NON_LITERAL_NULL_CONVERSION = YES;
				CLANG_WARN_OBJC_IMPLICIT_RETAIN_SELF = YES;
				CLANG_WARN_OBJC_LITERAL_CONVERSION = YES;
				CLANG_WARN_OBJC_ROOT_CLASS = YES_ERROR;
				CLANG_WARN_QUOTED_INCLUDE_IN_FRAMEWORK_HEADER = YES;
				CLANG_WARN_RANGE_LOOP_ANALYSIS = YES;
				CLANG_WARN_STRICT_PROTOTYPES = YES;
				CLANG_WARN_SUSPICIOUS_MOVE = YES;
				CLANG_WARN_UNGUARDED_AVAILABILITY = YES_AGGRESSIVE;
				CLANG_WARN_UNREACHABLE_CODE = YES;
				CLANG_WARN__DUPLICATE_METHOD_MATCH = YES;
				COPY_PHASE_STRIP = NO;
				DEBUG_INFORMATION_FORMAT = dwarf;
				ENABLE_STRICT_OBJC_MSGSEND = YES;
				ENABLE_TESTABILITY = YES;
				ENABLE_USER_SCRIPT_SANDBOXING = YES;
				GCC_C_LANGUAGE_STANDARD = gnu17;
				GCC_DYNAMIC_NO_PIC = NO;
				GCC_NO_COMMON_BLOCKS = YES;
				GCC_OPTIMIZATION_LEVEL = 0;
				GCC_PREPROCESSOR_DEFINITIONS = (
					"DEBUG=1",
					"$(inherited)",
				);
				GCC_WARN_64_TO_32_BIT_CONVERSION = YES;
				GCC_WARN_ABOUT_RETURN_TYPE = YES_ERROR;
				GCC_WARN_UNDECLARED_SELECTOR = YES;
				GCC_WARN_UNINITIALIZED_AUTOS = YES_AGGRESSIVE;
				GCC_WARN_UNUSED_FUNCTION = YES;
				GCC_WARN_UNUSED_VARIABLE = YES;
				IPHONEOS_DEPLOYMENT_TARGET = 17.2;
				LOCALIZATION_PREFERS_STRING_CATALOGS = YES;
				MTL_ENABLE_DEBUG_INFO = INCLUDE_SOURCE;
				MTL_FAST_MATH = YES;
				ONLY_ACTIVE_ARCH = YES;
				SDKROOT = iphoneos;
				SWIFT_ACTIVE_COMPILATION_CONDITIONS = "DEBUG $(inherited)";
				SWIFT_OPTIMIZATION_LEVEL = "-Onone";
			};
			name = Debug;
		};
		971D8FB12C0F4F7E00EE3A49 /* Release */ = {
			isa = XCBuildConfiguration;
			buildSettings = {
				ALWAYS_SEARCH_USER_PATHS = NO;
				ASSETCATALOG_COMPILER_GENERATE_SWIFT_ASSET_SYMBOL_EXTENSIONS = YES;
				CLANG_ANALYZER_NONNULL = YES;
				CLANG_ANALYZER_NUMBER_OBJECT_CONVERSION = YES_AGGRESSIVE;
				CLANG_CXX_LANGUAGE_STANDARD = "gnu++20";
				CLANG_ENABLE_MODULES = YES;
				CLANG_ENABLE_OBJC_ARC = YES;
				CLANG_ENABLE_OBJC_WEAK = YES;
				CLANG_WARN_BLOCK_CAPTURE_AUTORELEASING = YES;
				CLANG_WARN_BOOL_CONVERSION = YES;
				CLANG_WARN_COMMA = YES;
				CLANG_WARN_CONSTANT_CONVERSION = YES;
				CLANG_WARN_DEPRECATED_OBJC_IMPLEMENTATIONS = YES;
				CLANG_WARN_DIRECT_OBJC_ISA_USAGE = YES_ERROR;
				CLANG_WARN_DOCUMENTATION_COMMENTS = YES;
				CLANG_WARN_EMPTY_BODY = YES;
				CLANG_WARN_ENUM_CONVERSION = YES;
				CLANG_WARN_INFINITE_RECURSION = YES;
				CLANG_WARN_INT_CONVERSION = YES;
				CLANG_WARN_NON_LITERAL_NULL_CONVERSION = YES;
				CLANG_WARN_OBJC_IMPLICIT_RETAIN_SELF = YES;
				CLANG_WARN_OBJC_LITERAL_CONVERSION = YES;
				CLANG_WARN_OBJC_ROOT_CLASS = YES_ERROR;
				CLANG_WARN_QUOTED_INCLUDE_IN_FRAMEWORK_HEADER = YES;
				CLANG_WARN_RANGE_LOOP_ANALYSIS = YES;
				CLANG_WARN_STRICT_PROTOTYPES = YES;
				CLANG_WARN_SUSPICIOUS_MOVE = YES;
				CLANG_WARN_UNGUARDED_AVAILABILITY = YES_AGGRESSIVE;
				CLANG_WARN_UNREACHABLE_CODE = YES;
				CLANG_WARN__DUPLICATE_METHOD_MATCH = YES;
				COPY_PHASE_STRIP = NO;
				DEBUG_INFORMATION_FORMAT = "dwarf-with-dsym";
				ENABLE_NS_ASSERTIONS = NO;
				ENABLE_STRICT_OBJC_MSGSEND = YES;
				ENABLE_USER_SCRIPT_SANDBOXING = YES;
				GCC_C_LANGUAGE_STANDARD = gnu17;
				GCC_NO_COMMON_BLOCKS = YES;
				GCC_WARN_64_TO_32_BIT_CONVERSION = YES;
				GCC_WARN_ABOUT_RETURN_TYPE = YES_ERROR;
				GCC_WARN_UNDECLARED_SELECTOR = YES;
				GCC_WARN_UNINITIALIZED_AUTOS = YES_AGGRESSIVE;
				GCC_WARN_UNUSED_FUNCTION = YES;
				GCC_WARN_UNUSED_VARIABLE = YES;
				IPHONEOS_DEPLOYMENT_TARGET = 17.2;
				LOCALIZATION_PREFERS_STRING_CATALOGS = YES;
				MTL_ENABLE_DEBUG_INFO = NO;
				MTL_FAST_MATH = YES;
				SDKROOT = iphoneos;
				SWIFT_COMPILATION_MODE = wholemodule;
				VALIDATE_PRODUCT = YES;
			};
			name = Release;
		};
		971D8FB32C0F4F7E00EE3A49 /* Debug */ = {
			isa = XCBuildConfiguration;
			buildSettings = {
				ASSETCATALOG_COMPILER_APPICON_NAME = AppIcon;
				ASSETCATALOG_COMPILER_GLOBAL_ACCENT_COLOR_NAME = AccentColor;
				CODE_SIGN_STYLE = Automatic;
				CURRENT_PROJECT_VERSION = 1;
				GENERATE_INFOPLIST_FILE = YES;
				INFOPLIST_FILE = ZTChainDemo/Info.plist;
				INFOPLIST_KEY_UIApplicationSupportsIndirectInputEvents = YES;
				INFOPLIST_KEY_UILaunchStoryboardName = LaunchScreen;
				INFOPLIST_KEY_UISupportedInterfaceOrientations_iPad = "UIInterfaceOrientationPortrait UIInterfaceOrientationPortraitUpsideDown UIInterfaceOrientationLandscapeLeft UIInterfaceOrientationLandscapeRight";
				INFOPLIST_KEY_UISupportedInterfaceOrientations_iPhone = "UIInterfaceOrientationPortrait UIInterfaceOrientationLandscapeLeft UIInterfaceOrientationLandscapeRight";
				IPHONEOS_DEPLOYMENT_TARGET = 12.0;
				LD_RUNPATH_SEARCH_PATHS = (
					"$(inherited)",
					"@executable_path/Frameworks",
				);
				MARKETING_VERSION = 1.0;
				PRODUCT_BUNDLE_IDENTIFIER = com.trojanzhang.ZTChainDemo;
				PRODUCT_NAME = "$(TARGET_NAME)";
				SWIFT_EMIT_LOC_STRINGS = YES;
				SWIFT_VERSION = 5.0;
				TARGETED_DEVICE_FAMILY = "1,2";
			};
			name = Debug;
		};
		971D8FB42C0F4F7E00EE3A49 /* Release */ = {
			isa = XCBuildConfiguration;
			buildSettings = {
				ASSETCATALOG_COMPILER_APPICON_NAME = AppIcon;
				ASSETCATALOG_COMPILER_GLOBAL_ACCENT_COLOR_NAME = AccentColor;
				CODE_SIGN_STYLE = Automatic;
				CURRENT_PROJECT_VERSION = 1;
				GENERATE_INFOPLIST_FILE = YES;
				INFOPLIST_FILE = ZTChainDemo/Info.plist;
				INFOPLIST_KEY_UIApplicationSupportsIndirectInputEvents = YES;
				INFOPLIST_KEY_UILaunchStoryboardName = LaunchScreen;
				INFOPLIST_KEY_UISupportedInterfaceOrientations_iPad = "UIInterfaceOrientationPortrait UIInterfaceOrientationPortraitUpsideDown UIInterfaceOrientationLandscapeLeft UIInterfaceOrientationLandscapeRight";
				INFOPLIST_KEY_UISupportedInterfaceOrientations_iPhone = "UIInterfaceOrientationPortrait UIInterfaceOrientationLandscapeLeft UIInterfaceOrientationLandscapeRight";
				IPHONEOS_DEPLOYMENT_TARGET = 12.0;
				LD_RUNPATH_SEARCH_PATHS = (
					"$(inherited)",
					"@executable_path/Frameworks",
				);
				MARKETING_VERSION = 1.0;
				PRODUCT_BUNDLE_IDENTIFIER = com.trojanzhang.ZTChainDemo;
				PRODUCT_NAME = "$(TARGET_NAME)";
				SWIFT_EMIT_LOC_STRINGS = YES;
				SWIFT_VERSION = 5.0;
				TARGETED_DEVICE_FAMILY = "1,2";
			};
			name = Release;
		};
/* End XCBuildConfiguration section */

/* Begin XCConfigurationList section */
		971D8F992C0F4F7D00EE3A49 /* Build configuration list for PBXProject "ZTChainDemo" */ = {
			isa = XCConfigurationList;
			buildConfigurations = (
				971D8FB02C0F4F7E00EE3A49 /* Debug */,
				971D8FB12C0F4F7E00EE3A49 /* Release */,
			);
			defaultConfigurationIsVisible = 0;
			defaultConfigurationName = Release;
		};
		971D8FB22C0F4F7E00EE3A49 /* Build configuration list for PBXNativeTarget "ZTChainDemo" */ = {
			isa = XCConfigurationList;
			buildConfigurations = (
				971D8FB32C0F4F7E00EE3A49 /* Debug */,
				971D8FB42C0F4F7E00EE3A49 /* Release */,
			);
			defaultConfigurationIsVisible = 0;
			defaultConfigurationName = Release;
		};
/* End XCConfigurationList section */
	};
	rootObject = 971D8F962C0F4F7D00EE3A49 /* Project object */;
}
